
Microsoft Visual Studio Solution File, Format Version 12.00
# Visual Studio 15
VisualStudioVersion = 15.0.28307.329
MinimumVisualStudioVersion = 10.0.40219.1
Project("{FAE04EC0-301F-11D3-BF4B-00C04F79EFBC}") = "ScrumProj", "ScrumProj\ScrumProj.csproj", "{2772D3BD-CF26-4100-AD0B-89F752EB7833}"
EndProject
Global
	GlobalSection(SolutionConfigurationPlatforms) = preSolution
		Debug|Any CPU = Debug|Any CPU
		Release|Any CPU = Release|Any CPU
	EndGlobalSection
	GlobalSection(ProjectConfigurationPlatforms) = postSolution
		{2772D3BD-CF26-4100-AD0B-89F752EB7833}.Debug|Any CPU.ActiveCfg = Debug|Any CPU
		{2772D3BD-CF26-4100-AD0B-89F752EB7833}.Debug|Any CPU.Build.0 = Debug|Any CPU
		{2772D3BD-CF26-4100-AD0B-89F752EB7833}.Release|Any CPU.ActiveCfg = Release|Any CPU
		{2772D3BD-CF26-4100-AD0B-89F752EB7833}.Release|Any CPU.Build.0 = Release|Any CPU
	EndGlobalSection
	GlobalSection(SolutionProperties) = preSolution
		HideSolutionNode = FALSE
	EndGlobalSection
	GlobalSection(ExtensibilityGlobals) = postSolution
		SolutionGuid = {BA1F24C1-DF08-4662-89D7-0825369E5D8A}
	EndGlobalSection
EndGlobal
